// !$*UTF8*$!
{
	archiveVersion = 1;
	classes = {
	};
	objectVersion = 48;
	objects = {

/* Begin PBXBuildFile section */
		9C02B5E51F900EB900A7EDA7 /* AppDelegate.swift in Sources */ = {isa = PBXBuildFile; fileRef = 9C02B5E41F900EB900A7EDA7 /* AppDelegate.swift */; };
		9C02B5E71F900EB900A7EDA7 /* ViewController.swift in Sources */ = {isa = PBXBuildFile; fileRef = 9C02B5E61F900EB900A7EDA7 /* ViewController.swift */; };
		9C02B5EA1F900EB900A7EDA7 /* Main.storyboard in Resources */ = {isa = PBXBuildFile; fileRef = 9C02B5E81F900EB900A7EDA7 /* Main.storyboard */; };
		9C02B5EC1F900EB900A7EDA7 /* Assets.xcassets in Resources */ = {isa = PBXBuildFile; fileRef = 9C02B5EB1F900EB900A7EDA7 /* Assets.xcassets */; };
		9C02B5EF1F900EB900A7EDA7 /* LaunchScreen.storyboard in Resources */ = {isa = PBXBuildFile; fileRef = 9C02B5ED1F900EB900A7EDA7 /* LaunchScreen.storyboard */; };
		9C02B5FA1F900EB900A7EDA7 /* TaskiOSAppTests.swift in Sources */ = {isa = PBXBuildFile; fileRef = 9C02B5F91F900EB900A7EDA7 /* TaskiOSAppTests.swift */; };
		9C02B6051F900EB900A7EDA7 /* TaskiOSAppUITests.swift in Sources */ = {isa = PBXBuildFile; fileRef = 9C02B6041F900EB900A7EDA7 /* TaskiOSAppUITests.swift */; };
/* End PBXBuildFile section */

/* Begin PBXContainerItemProxy section */
		9C02B5F61F900EB900A7EDA7 /* PBXContainerItemProxy */ = {
			isa = PBXContainerItemProxy;
			containerPortal = 9C02B5D91F900EB900A7EDA7 /* Project object */;
			proxyType = 1;
			remoteGlobalIDString = 9C02B5E01F900EB900A7EDA7;
			remoteInfo = TaskiOSApp;
		};
		9C02B6011F900EB900A7EDA7 /* PBXContainerItemProxy */ = {
			isa = PBXContainerItemProxy;
			containerPortal = 9C02B5D91F900EB900A7EDA7 /* Project object */;
			proxyType = 1;
			remoteGlobalIDString = 9C02B5E01F900EB900A7EDA7;
			remoteInfo = TaskiOSApp;
		};
/* End PBXContainerItemProxy section */

/* Begin PBXFileReference section */
		9C02B5E11F900EB900A7EDA7 /* TaskiOSApp.app */ = {isa = PBXFileReference; explicitFileType = wrapper.application; includeInIndex = 0; path = TaskiOSApp.app; sourceTree = BUILT_PRODUCTS_DIR; };
		9C02B5E41F900EB900A7EDA7 /* AppDelegate.swift */ = {isa = PBXFileReference; lastKnownFileType = sourcecode.swift; path = AppDelegate.swift; sourceTree = "<group>"; };
		9C02B5E61F900EB900A7EDA7 /* ViewController.swift */ = {isa = PBXFileReference; lastKnownFileType = sourcecode.swift; path = ViewController.swift; sourceTree = "<group>"; };
		9C02B5E91F900EB900A7EDA7 /* Base */ = {isa = PBXFileReference; lastKnownFileType = file.storyboard; name = Base; path = Base.lproj/Main.storyboard; sourceTree = "<group>"; };
		9C02B5EB1F900EB900A7EDA7 /* Assets.xcassets */ = {isa = PBXFileReference; lastKnownFileType = folder.assetcatalog; path = Assets.xcassets; sourceTree = "<group>"; };
		9C02B5EE1F900EB900A7EDA7 /* Base */ = {isa = PBXFileReference; lastKnownFileType = file.storyboard; name = Base; path = Base.lproj/LaunchScreen.storyboard; sourceTree = "<group>"; };
		9C02B5F01F900EB900A7EDA7 /* Info.plist */ = {isa = PBXFileReference; lastKnownFileType = text.plist.xml; path = Info.plist; sourceTree = "<group>"; };
		9C02B5F51F900EB900A7EDA7 /* TaskiOSAppTests.xctest */ = {isa = PBXFileReference; explicitFileType = wrapper.cfbundle; includeInIndex = 0; path = TaskiOSAppTests.xctest; sourceTree = BUILT_PRODUCTS_DIR; };
		9C02B5F91F900EB900A7EDA7 /* TaskiOSAppTests.swift */ = {isa = PBXFileReference; lastKnownFileType = sourcecode.swift; path = TaskiOSAppTests.swift; sourceTree = "<group>"; };
		9C02B5FB1F900EB900A7EDA7 /* Info.plist */ = {isa = PBXFileReference; lastKnownFileType = text.plist.xml; path = Info.plist; sourceTree = "<group>"; };
		9C02B6001F900EB900A7EDA7 /* TaskiOSAppUITests.xctest */ = {isa = PBXFileReference; explicitFileType = wrapper.cfbundle; includeInIndex = 0; path = TaskiOSAppUITests.xctest; sourceTree = BUILT_PRODUCTS_DIR; };
		9C02B6041F900EB900A7EDA7 /* TaskiOSAppUITests.swift */ = {isa = PBXFileReference; lastKnownFileType = sourcecode.swift; path = TaskiOSAppUITests.swift; sourceTree = "<group>"; };
		9C02B6061F900EB900A7EDA7 /* Info.plist */ = {isa = PBXFileReference; lastKnownFileType = text.plist.xml; path = Info.plist; sourceTree = "<group>"; };
/* End PBXFileReference section */

/* Begin PBXFrameworksBuildPhase section */
		9C02B5DE1F900EB900A7EDA7 /* Frameworks */ = {
			isa = PBXFrameworksBuildPhase;
			buildActionMask = 2147483647;
			files = (
			);
			runOnlyForDeploymentPostprocessing = 0;
		};
		9C02B5F21F900EB900A7EDA7 /* Frameworks */ = {
			isa = PBXFrameworksBuildPhase;
			buildActionMask = 2147483647;
			files = (
			);
			runOnlyForDeploymentPostprocessing = 0;
		};
		9C02B5FD1F900EB900A7EDA7 /* Frameworks */ = {
			isa = PBXFrameworksBuildPhase;
			buildActionMask = 2147483647;
			files = (
			);
			runOnlyForDeploymentPostprocessing = 0;
		};
/* End PBXFrameworksBuildPhase section */

/* Begin PBXGroup section */
		9C02B5D81F900EB900A7EDA7 = {
			isa = PBXGroup;
			children = (
				9C02B5E31F900EB900A7EDA7 /* TaskiOSApp */,
				9C02B5F81F900EB900A7EDA7 /* TaskiOSAppTests */,
				9C02B6031F900EB900A7EDA7 /* TaskiOSAppUITests */,
				9C02B5E21F900EB900A7EDA7 /* Products */,
			);
			sourceTree = "<group>";
		};
		9C02B5E21F900EB900A7EDA7 /* Products */ = {
			isa = PBXGroup;
			children = (
				9C02B5E11F900EB900A7EDA7 /* TaskiOSApp.app */,
				9C02B5F51F900EB900A7EDA7 /* TaskiOSAppTests.xctest */,
				9C02B6001F900EB900A7EDA7 /* TaskiOSAppUITests.xctest */,
			);
			name = Products;
			sourceTree = "<group>";
		};
		9C02B5E31F900EB900A7EDA7 /* TaskiOSApp */ = {
			isa = PBXGroup;
			children = (
				9C02B5E41F900EB900A7EDA7 /* AppDelegate.swift */,
				9C02B5E61F900EB900A7EDA7 /* ViewController.swift */,
				9C02B5E81F900EB900A7EDA7 /* Main.storyboard */,
				9C02B5EB1F900EB900A7EDA7 /* Assets.xcassets */,
				9C02B5ED1F900EB900A7EDA7 /* LaunchScreen.storyboard */,
				9C02B5F01F900EB900A7EDA7 /* Info.plist */,
			);
			path = TaskiOSApp;
			sourceTree = "<group>";
		};
		9C02B5F81F900EB900A7EDA7 /* TaskiOSAppTests */ = {
			isa = PBXGroup;
			children = (
				9C02B5F91F900EB900A7EDA7 /* TaskiOSAppTests.swift */,
				9C02B5FB1F900EB900A7EDA7 /* Info.plist */,
			);
			path = TaskiOSAppTests;
			sourceTree = "<group>";
		};
		9C02B6031F900EB900A7EDA7 /* TaskiOSAppUITests */ = {
			isa = PBXGroup;
			children = (
				9C02B6041F900EB900A7EDA7 /* TaskiOSAppUITests.swift */,
				9C02B6061F900EB900A7EDA7 /* Info.plist */,
			);
			path = TaskiOSAppUITests;
			sourceTree = "<group>";
		};
/* End PBXGroup section */

/* Begin PBXNativeTarget section */
		9C02B5E01F900EB900A7EDA7 /* TaskiOSApp */ = {
			isa = PBXNativeTarget;
			buildConfigurationList = 9C02B6091F900EB900A7EDA7 /* Build configuration list for PBXNativeTarget "TaskiOSApp" */;
			buildPhases = (
				9C02B5DD1F900EB900A7EDA7 /* Sources */,
				9C02B5DE1F900EB900A7EDA7 /* Frameworks */,
				9C02B5DF1F900EB900A7EDA7 /* Resources */,
			);
			buildRules = (
			);
			dependencies = (
			);
			name = TaskiOSApp;
			productName = TaskiOSApp;
			productReference = 9C02B5E11F900EB900A7EDA7 /* TaskiOSApp.app */;
			productType = "com.apple.product-type.application";
		};
		9C02B5F41F900EB900A7EDA7 /* TaskiOSAppTests */ = {
			isa = PBXNativeTarget;
			buildConfigurationList = 9C02B60C1F900EB900A7EDA7 /* Build configuration list for PBXNativeTarget "TaskiOSAppTests" */;
			buildPhases = (
				9C02B5F11F900EB900A7EDA7 /* Sources */,
				9C02B5F21F900EB900A7EDA7 /* Frameworks */,
				9C02B5F31F900EB900A7EDA7 /* Resources */,
			);
			buildRules = (
			);
			dependencies = (
				9C02B5F71F900EB900A7EDA7 /* PBXTargetDependency */,
			);
			name = TaskiOSAppTests;
			productName = TaskiOSAppTests;
			productReference = 9C02B5F51F900EB900A7EDA7 /* TaskiOSAppTests.xctest */;
			productType = "com.apple.product-type.bundle.unit-test";
		};
		9C02B5FF1F900EB900A7EDA7 /* TaskiOSAppUITests */ = {
			isa = PBXNativeTarget;
			buildConfigurationList = 9C02B60F1F900EB900A7EDA7 /* Build configuration list for PBXNativeTarget "TaskiOSAppUITests" */;
			buildPhases = (
				9C02B5FC1F900EB900A7EDA7 /* Sources */,
				9C02B5FD1F900EB900A7EDA7 /* Frameworks */,
				9C02B5FE1F900EB900A7EDA7 /* Resources */,
			);
			buildRules = (
			);
			dependencies = (
				9C02B6021F900EB900A7EDA7 /* PBXTargetDependency */,
			);
			name = TaskiOSAppUITests;
			productName = TaskiOSAppUITests;
			productReference = 9C02B6001F900EB900A7EDA7 /* TaskiOSAppUITests.xctest */;
			productType = "com.apple.product-type.bundle.ui-testing";
		};
/* End PBXNativeTarget section */

/* Begin PBXProject section */
		9C02B5D91F900EB900A7EDA7 /* Project object */ = {
			isa = PBXProject;
			attributes = {
				LastSwiftUpdateCheck = 0900;
				LastUpgradeCheck = 0900;
				ORGANIZATIONNAME = "Chris Worman";
				TargetAttributes = {
					9C02B5E01F900EB900A7EDA7 = {
						CreatedOnToolsVersion = 9.0;
						ProvisioningStyle = Automatic;
					};
					9C02B5F41F900EB900A7EDA7 = {
						CreatedOnToolsVersion = 9.0;
						ProvisioningStyle = Automatic;
						TestTargetID = 9C02B5E01F900EB900A7EDA7;
					};
					9C02B5FF1F900EB900A7EDA7 = {
						CreatedOnToolsVersion = 9.0;
						ProvisioningStyle = Automatic;
						TestTargetID = 9C02B5E01F900EB900A7EDA7;
					};
				};
			};
			buildConfigurationList = 9C02B5DC1F900EB900A7EDA7 /* Build configuration list for PBXProject "TaskiOSApp" */;
			compatibilityVersion = "Xcode 8.0";
			developmentRegion = en;
			hasScannedForEncodings = 0;
			knownRegions = (
				en,
				Base,
			);
			mainGroup = 9C02B5D81F900EB900A7EDA7;
			productRefGroup = 9C02B5E21F900EB900A7EDA7 /* Products */;
			projectDirPath = "";
			projectRoot = "";
			targets = (
				9C02B5E01F900EB900A7EDA7 /* TaskiOSApp */,
				9C02B5F41F900EB900A7EDA7 /* TaskiOSAppTests */,
				9C02B5FF1F900EB900A7EDA7 /* TaskiOSAppUITests */,
			);
		};
/* End PBXProject section */

/* Begin PBXResourcesBuildPhase section */
		9C02B5DF1F900EB900A7EDA7 /* Resources */ = {
			isa = PBXResourcesBuildPhase;
			buildActionMask = 2147483647;
			files = (
				9C02B5EF1F900EB900A7EDA7 /* LaunchScreen.storyboard in Resources */,
				9C02B5EC1F900EB900A7EDA7 /* Assets.xcassets in Resources */,
				9C02B5EA1F900EB900A7EDA7 /* Main.storyboard in Resources */,
			);
			runOnlyForDeploymentPostprocessing = 0;
		};
		9C02B5F31F900EB900A7EDA7 /* Resources */ = {
			isa = PBXResourcesBuildPhase;
			buildActionMask = 2147483647;
			files = (
			);
			runOnlyForDeploymentPostprocessing = 0;
		};
		9C02B5FE1F900EB900A7EDA7 /* Resources */ = {
			isa = PBXResourcesBuildPhase;
			buildActionMask = 2147483647;
			files = (
			);
			runOnlyForDeploymentPostprocessing = 0;
		};
/* End PBXResourcesBuildPhase section */

/* Begin PBXSourcesBuildPhase section */
		9C02B5DD1F900EB900A7EDA7 /* Sources */ = {
			isa = PBXSourcesBuildPhase;
			buildActionMask = 2147483647;
			files = (
				9C02B5E71F900EB900A7EDA7 /* ViewController.swift in Sources */,
				9C02B5E51F900EB900A7EDA7 /* AppDelegate.swift in Sources */,
			);
			runOnlyForDeploymentPostprocessing = 0;
		};
		9C02B5F11F900EB900A7EDA7 /* Sources */ = {
			isa = PBXSourcesBuildPhase;
			buildActionMask = 2147483647;
			files = (
				9C02B5FA1F900EB900A7EDA7 /* TaskiOSAppTests.swift in Sources */,
			);
			runOnlyForDeploymentPostprocessing = 0;
		};
		9C02B5FC1F900EB900A7EDA7 /* Sources */ = {
			isa = PBXSourcesBuildPhase;
			buildActionMask = 2147483647;
			files = (
				9C02B6051F900EB900A7EDA7 /* TaskiOSAppUITests.swift in Sources */,
			);
			runOnlyForDeploymentPostprocessing = 0;
		};
/* End PBXSourcesBuildPhase section */

/* Begin PBXTargetDependency section */
		9C02B5F71F900EB900A7EDA7 /* PBXTargetDependency */ = {
			isa = PBXTargetDependency;
			target = 9C02B5E01F900EB900A7EDA7 /* TaskiOSApp */;
			targetProxy = 9C02B5F61F900EB900A7EDA7 /* PBXContainerItemProxy */;
		};
		9C02B6021F900EB900A7EDA7 /* PBXTargetDependency */ = {
			isa = PBXTargetDependency;
			target = 9C02B5E01F900EB900A7EDA7 /* TaskiOSApp */;
			targetProxy = 9C02B6011F900EB900A7EDA7 /* PBXContainerItemProxy */;
		};
/* End PBXTargetDependency section */

/* Begin PBXVariantGroup section */
		9C02B5E81F900EB900A7EDA7 /* Main.storyboard */ = {
			isa = PBXVariantGroup;
			children = (
				9C02B5E91F900EB900A7EDA7 /* Base */,
			);
			name = Main.storyboard;
			sourceTree = "<group>";
		};
		9C02B5ED1F900EB900A7EDA7 /* LaunchScreen.storyboard */ = {
			isa = PBXVariantGroup;
			children = (
				9C02B5EE1F900EB900A7EDA7 /* Base */,
			);
			name = LaunchScreen.storyboard;
			sourceTree = "<group>";
		};
/* End PBXVariantGroup section */

/* Begin XCBuildConfiguration section */
		9C02B6071F900EB900A7EDA7 /* Debug */ = {
			isa = XCBuildConfiguration;
			buildSettings = {
				ALWAYS_SEARCH_USER_PATHS = NO;
				CLANG_ANALYZER_NONNULL = YES;
				CLANG_ANALYZER_NUMBER_OBJECT_CONVERSION = YES_AGGRESSIVE;
				CLANG_CXX_LANGUAGE_STANDARD = "gnu++14";
				CLANG_CXX_LIBRARY = "libc++";
				CLANG_ENABLE_MODULES = YES;
				CLANG_ENABLE_OBJC_ARC = YES;
				CLANG_WARN_BLOCK_CAPTURE_AUTORELEASING = YES;
				CLANG_WARN_BOOL_CONVERSION = YES;
				CLANG_WARN_COMMA = YES;
				CLANG_WARN_CONSTANT_CONVERSION = YES;
				CLANG_WARN_DIRECT_OBJC_ISA_USAGE = YES_ERROR;
				CLANG_WARN_DOCUMENTATION_COMMENTS = YES;
				CLANG_WARN_EMPTY_BODY = YES;
				CLANG_WARN_ENUM_CONVERSION = YES;
				CLANG_WARN_INFINITE_RECURSION = YES;
				CLANG_WARN_INT_CONVERSION = YES;
				CLANG_WARN_NON_LITERAL_NULL_CONVERSION = YES;
				CLANG_WARN_OBJC_LITERAL_CONVERSION = YES;
				CLANG_WARN_OBJC_ROOT_CLASS = YES_ERROR;
				CLANG_WARN_RANGE_LOOP_ANALYSIS = YES;
				CLANG_WARN_STRICT_PROTOTYPES = YES;
				CLANG_WARN_SUSPICIOUS_MOVE = YES;
				CLANG_WARN_UNGUARDED_AVAILABILITY = YES_AGGRESSIVE;
				CLANG_WARN_UNREACHABLE_CODE = YES;
				CLANG_WARN__DUPLICATE_METHOD_MATCH = YES;
				CODE_SIGN_IDENTITY = "iPhone Developer";
				COPY_PHASE_STRIP = NO;
				DEBUG_INFORMATION_FORMAT = dwarf;
				ENABLE_STRICT_OBJC_MSGSEND = YES;
				ENABLE_TESTABILITY = YES;
				GCC_C_LANGUAGE_STANDARD = gnu11;
				GCC_DYNAMIC_NO_PIC = NO;
				GCC_NO_COMMON_BLOCKS = YES;
				GCC_OPTIMIZATION_LEVEL = 0;
				GCC_PREPROCESSOR_DEFINITIONS = (
					"DEBUG=1",
					"$(inherited)",
				);
				GCC_WARN_64_TO_32_BIT_CONVERSION = YES;
				GCC_WARN_ABOUT_RETURN_TYPE = YES_ERROR;
				GCC_WARN_UNDECLARED_SELECTOR = YES;
				GCC_WARN_UNINITIALIZED_AUTOS = YES_AGGRESSIVE;
				GCC_WARN_UNUSED_FUNCTION = YES;
				GCC_WARN_UNUSED_VARIABLE = YES;
				IPHONEOS_DEPLOYMENT_TARGET = 11.0;
				MTL_ENABLE_DEBUG_INFO = YES;
				ONLY_ACTIVE_ARCH = YES;
				SDKROOT = iphoneos;
				SWIFT_ACTIVE_COMPILATION_CONDITIONS = DEBUG;
				SWIFT_OPTIMIZATION_LEVEL = "-Onone";
			};
			name = Debug;
		};
		9C02B6081F900EB900A7EDA7 /* Release */ = {
			isa = XCBuildConfiguration;
			buildSettings = {
				ALWAYS_SEARCH_USER_PATHS = NO;
				CLANG_ANALYZER_NONNULL = YES;
				CLANG_ANALYZER_NUMBER_OBJECT_CONVERSION = YES_AGGRESSIVE;
				CLANG_CXX_LANGUAGE_STANDARD = "gnu++14";
				CLANG_CXX_LIBRARY = "libc++";
				CLANG_ENABLE_MODULES = YES;
				CLANG_ENABLE_OBJC_ARC = YES;
				CLANG_WARN_BLOCK_CAPTURE_AUTORELEASING = YES;
				CLANG_WARN_BOOL_CONVERSION = YES;
				CLANG_WARN_COMMA = YES;
				CLANG_WARN_CONSTANT_CONVERSION = YES;
				CLANG_WARN_DIRECT_OBJC_ISA_USAGE = YES_ERROR;
				CLANG_WARN_DOCUMENTATION_COMMENTS = YES;
				CLANG_WARN_EMPTY_BODY = YES;
				CLANG_WARN_ENUM_CONVERSION = YES;
				CLANG_WARN_INFINITE_RECURSION = YES;
				CLANG_WARN_INT_CONVERSION = YES;
				CLANG_WARN_NON_LITERAL_NULL_CONVERSION = YES;
				CLANG_WARN_OBJC_LITERAL_CONVERSION = YES;
				CLANG_WARN_OBJC_ROOT_CLASS = YES_ERROR;
				CLANG_WARN_RANGE_LOOP_ANALYSIS = YES;
				CLANG_WARN_STRICT_PROTOTYPES = YES;
				CLANG_WARN_SUSPICIOUS_MOVE = YES;
				CLANG_WARN_UNGUARDED_AVAILABILITY = YES_AGGRESSIVE;
				CLANG_WARN_UNREACHABLE_CODE = YES;
				CLANG_WARN__DUPLICATE_METHOD_MATCH = YES;
				CODE_SIGN_IDENTITY = "iPhone Developer";
				COPY_PHASE_STRIP = NO;
				DEBUG_INFORMATION_FORMAT = "dwarf-with-dsym";
				ENABLE_NS_ASSERTIONS = NO;
				ENABLE_STRICT_OBJC_MSGSEND = YES;
				GCC_C_LANGUAGE_STANDARD = gnu11;
				GCC_NO_COMMON_BLOCKS = YES;
				GCC_WARN_64_TO_32_BIT_CONVERSION = YES;
				GCC_WARN_ABOUT_RETURN_TYPE = YES_ERROR;
				GCC_WARN_UNDECLARED_SELECTOR = YES;
				GCC_WARN_UNINITIALIZED_AUTOS = YES_AGGRESSIVE;
				GCC_WARN_UNUSED_FUNCTION = YES;
				GCC_WARN_UNUSED_VARIABLE = YES;
				IPHONEOS_DEPLOYMENT_TARGET = 11.0;
				MTL_ENABLE_DEBUG_INFO = NO;
				SDKROOT = iphoneos;
				SWIFT_OPTIMIZATION_LEVEL = "-Owholemodule";
				VALIDATE_PRODUCT = YES;
			};
			name = Release;
		};
		9C02B60A1F900EB900A7EDA7 /* Debug */ = {
			isa = XCBuildConfiguration;
			buildSettings = {
				ASSETCATALOG_COMPILER_APPICON_NAME = AppIcon;
				CODE_SIGN_STYLE = Automatic;
				DEVELOPMENT_TEAM = 828A5C3NGA;
				INFOPLIST_FILE = TaskiOSApp/Info.plist;
				LD_RUNPATH_SEARCH_PATHS = "$(inherited) @executable_path/Frameworks";
				PRODUCT_BUNDLE_IDENTIFIER = com.chrisworman.TaskiOSApp;
				PRODUCT_NAME = "$(TARGET_NAME)";
				SWIFT_VERSION = 4.0;
				TARGETED_DEVICE_FAMILY = "1,2";
			};
			name = Debug;
		};
		9C02B60B1F900EB900A7EDA7 /* Release */ = {
			isa = XCBuildConfiguration;
			buildSettings = {
				ASSETCATALOG_COMPILER_APPICON_NAME = AppIcon;
				CODE_SIGN_STYLE = Automatic;
				DEVELOPMENT_TEAM = 828A5C3NGA;
				INFOPLIST_FILE = TaskiOSApp/Info.plist;
				LD_RUNPATH_SEARCH_PATHS = "$(inherited) @executable_path/Frameworks";
				PRODUCT_BUNDLE_IDENTIFIER = com.chrisworman.TaskiOSApp;
				PRODUCT_NAME = "$(TARGET_NAME)";
				SWIFT_VERSION = 4.0;
				TARGETED_DEVICE_FAMILY = "1,2";
			};
			name = Release;
		};
		9C02B60D1F900EB900A7EDA7 /* Debug */ = {
			isa = XCBuildConfiguration;
			buildSettings = {
				ALWAYS_EMBED_SWIFT_STANDARD_LIBRARIES = YES;
				BUNDLE_LOADER = "$(TEST_HOST)";
				CODE_SIGN_STYLE = Automatic;
				DEVELOPMENT_TEAM = 828A5C3NGA;
				INFOPLIST_FILE = TaskiOSAppTests/Info.plist;
				LD_RUNPATH_SEARCH_PATHS = "$(inherited) @executable_path/Frameworks @loader_path/Frameworks";
				PRODUCT_BUNDLE_IDENTIFIER = com.chrisworman.TaskiOSAppTests;
				PRODUCT_NAME = "$(TARGET_NAME)";
				SWIFT_VERSION = 4.0;
				TARGETED_DEVICE_FAMILY = "1,2";
				TEST_HOST = "$(BUILT_PRODUCTS_DIR)/TaskiOSApp.app/TaskiOSApp";
			};
			name = Debug;
		};
		9C02B60E1F900EB900A7EDA7 /* Release */ = {
			isa = XCBuildConfiguration;
			buildSettings = {
				ALWAYS_EMBED_SWIFT_STANDARD_LIBRARIES = YES;
				BUNDLE_LOADER = "$(TEST_HOST)";
				CODE_SIGN_STYLE = Automatic;
				DEVELOPMENT_TEAM = 828A5C3NGA;
				INFOPLIST_FILE = TaskiOSAppTests/Info.plist;
				LD_RUNPATH_SEARCH_PATHS = "$(inherited) @executable_path/Frameworks @loader_path/Frameworks";
				PRODUCT_BUNDLE_IDENTIFIER = com.chrisworman.TaskiOSAppTests;
				PRODUCT_NAME = "$(TARGET_NAME)";
				SWIFT_VERSION = 4.0;
				TARGETED_DEVICE_FAMILY = "1,2";
				TEST_HOST = "$(BUILT_PRODUCTS_DIR)/TaskiOSApp.app/TaskiOSApp";
			};
			name = Release;
		};
		9C02B6101F900EB900A7EDA7 /* Debug */ = {
			isa = XCBuildConfiguration;
			buildSettings = {
				ALWAYS_EMBED_SWIFT_STANDARD_LIBRARIES = YES;
				CODE_SIGN_STYLE = Automatic;
				DEVELOPMENT_TEAM = 828A5C3NGA;
				INFOPLIST_FILE = TaskiOSAppUITests/Info.plist;
				LD_RUNPATH_SEARCH_PATHS = "$(inherited) @executable_path/Frameworks @loader_path/Frameworks";
				PRODUCT_BUNDLE_IDENTIFIER = com.chrisworman.TaskiOSAppUITests;
				PRODUCT_NAME = "$(TARGET_NAME)";
				SWIFT_VERSION = 4.0;
				TARGETED_DEVICE_FAMILY = "1,2";
				TEST_TARGET_NAME = TaskiOSApp;
			};
			name = Debug;
		};
		9C02B6111F900EB900A7EDA7 /* Release */ = {
			isa = XCBuildConfiguration;
			buildSettings = {
				ALWAYS_EMBED_SWIFT_STANDARD_LIBRARIES = YES;
				CODE_SIGN_STYLE = Automatic;
				DEVELOPMENT_TEAM = 828A5C3NGA;
				INFOPLIST_FILE = TaskiOSAppUITests/Info.plist;
				LD_RUNPATH_SEARCH_PATHS = "$(inherited) @executable_path/Frameworks @loader_path/Frameworks";
				PRODUCT_BUNDLE_IDENTIFIER = com.chrisworman.TaskiOSAppUITests;
				PRODUCT_NAME = "$(TARGET_NAME)";
				SWIFT_VERSION = 4.0;
				TARGETED_DEVICE_FAMILY = "1,2";
				TEST_TARGET_NAME = TaskiOSApp;
			};
			name = Release;
		};
/* End XCBuildConfiguration section */

/* Begin XCConfigurationList section */
		9C02B5DC1F900EB900A7EDA7 /* Build configuration list for PBXProject "TaskiOSApp" */ = {
			isa = XCConfigurationList;
			buildConfigurations = (
				9C02B6071F900EB900A7EDA7 /* Debug */,
				9C02B6081F900EB900A7EDA7 /* Release */,
			);
			defaultConfigurationIsVisible = 0;
			defaultConfigurationName = Release;
		};
		9C02B6091F900EB900A7EDA7 /* Build configuration list for PBXNativeTarget "TaskiOSApp" */ = {
			isa = XCConfigurationList;
			buildConfigurations = (
				9C02B60A1F900EB900A7EDA7 /* Debug */,
				9C02B60B1F900EB900A7EDA7 /* Release */,
			);
			defaultConfigurationIsVisible = 0;
			defaultConfigurationName = Release;
		};
		9C02B60C1F900EB900A7EDA7 /* Build configuration list for PBXNativeTarget "TaskiOSAppTests" */ = {
			isa = XCConfigurationList;
			buildConfigurations = (
				9C02B60D1F900EB900A7EDA7 /* Debug */,
				9C02B60E1F900EB900A7EDA7 /* Release */,
			);
			defaultConfigurationIsVisible = 0;
			defaultConfigurationName = Release;
		};
		9C02B60F1F900EB900A7EDA7 /* Build configuration list for PBXNativeTarget "TaskiOSAppUITests" */ = {
			isa = XCConfigurationList;
			buildConfigurations = (
				9C02B6101F900EB900A7EDA7 /* Debug */,
				9C02B6111F900EB900A7EDA7 /* Release */,
			);
			defaultConfigurationIsVisible = 0;
			defaultConfigurationName = Release;
		};
/* End XCConfigurationList section */
	};
	rootObject = 9C02B5D91F900EB900A7EDA7 /* Project object */;
}
